<?xml version="1.0" encoding="utf-8"?>
<Project ToolsVersion="4.0" xmlns="http://schemas.microsoft.com/developer/msbuild/2003">
  <ItemGroup>
    <Filter Include="Sources">
      <UniqueIdentifier>{4a6b1c9e-2f3d-4e8a-9c5b-1d7e3f8a2b10}</UniqueIdentifier>
    </Filter>
    <Filter Include="Thirdparty">
      <UniqueIdentifier>{8c2d4a1f-5b6e-4f3a-8d9c-2e1f7b4a6c20}</UniqueIdentifier>
    </Filter>
  </ItemGroup>

  <ItemGroup>
    <ClCompile Include="src\main.cpp">
      <Filter>Sources</Filter>
    </ClCompile>
    <ClCompile Include="src\Hwid.cpp">
      <Filter>Sources</Filter>
    </ClCompile>
    <ClCompile Include="src\Http.cpp">
      <Filter>Sources</Filter>
    </ClCompile>
    <ClCompile Include="src\Loader.cpp">
      <Filter>Sources</Filter>
    </ClCompile>
    <ClCompile Include="src\Ui.cpp">
      <Filter>Sources</Filter>
    </ClCompile>
    <ClCompile Include="..\thirdparty\imgui\imgui.cpp">
      <Filter>Thirdparty</Filter>
    </ClCompile>
    <ClCompile Include="..\thirdparty\imgui\imgui_demo.cpp">
      <Filter>Thirdparty</Filter>
    </ClCompile>
    <ClCompile Include="..\thirdparty\imgui\imgui_draw.cpp">
      <Filter>Thirdparty</Filter>
    </ClCompile>
    <ClCompile Include="..\thirdparty\imgui\imgui_widgets.cpp">
      <Filter>Thirdparty</Filter>
    </ClCompile>
    <ClCompile Include="..\thirdparty\imgui\imgui_impl_dx9.cpp">
      <Filter>Thirdparty</Filter>
    </ClCompile>
    <ClCompile Include="..\thirdparty\imgui\imgui_impl_win32.cpp">
      <Filter>Thirdparty</Filter>
    </ClCompile>
  </ItemGroup>

  <ItemGroup>
    <ClInclude Include="src\Hwid.hpp">
      <Filter>Sources</Filter>
    </ClInclude>
    <ClInclude Include="src\Http.hpp">
      <Filter>Sources</Filter>
    </ClInclude>
    <ClInclude Include="src\Loader.hpp">
      <Filter>Sources</Filter>
    </ClInclude>
    <ClInclude Include="src\Ui.hpp">
      <Filter>Sources</Filter>
    </ClInclude>
    <ClInclude Include="..\thirdparty\imgui\imgui.h">
      <Filter>Thirdparty</Filter>
    </ClInclude>
    <ClInclude Include="..\thirdparty\imgui\imconfig.h">
      <Filter>Thirdparty</Filter>
    </ClInclude>
    <ClInclude Include="..\thirdparty\imgui\imgui_impl_dx9.h">
      <Filter>Thirdparty</Filter>
    </ClInclude>
    <ClInclude Include="..\thirdparty\imgui\imgui_impl_win32.h">
      <Filter>Thirdparty</Filter>
    </ClInclude>
  </ItemGroup>
</Project>
